<?xml version="1.0" encoding="UTF-8" standalone="yes" ?>
<CodeBlocks_project_file>
	<FileVersion major="1" minor="6" />
	<Project>
		<Option title="projeto-iml" />
		<Option pch_mode="2" />
		<Option compiler="gcc" />
		<Build>
			<Target title="Debug">
				<Option output="bin/Debug/projeto-iml" prefix_auto="1" extension_auto="1" />
				<Option object_output="obj/Debug/" />
				<Option type="1" />
				<Option compiler="gcc" />
				<Compiler>
					<Add option="-g" />
				</Compiler>
				<Linker>
					<Add library="allegro-5.0.10/lib/liballegro-5.0.10-monolith-mt-debug.a" />
				</Linker>
			</Target>
			<Target title="Release">
				<Option output="bin/Release/projeto-iml" prefix_auto="1" extension_auto="1" />
				<Option object_output="obj/Release/" />
				<Option type="1" />
				<Option compiler="gcc" />
				<Compiler>
					<Add option="-O2" />
				</Compiler>
				<Linker>
					<Add option="-s" />
					<Add library="allegro-5.0.10/lib/liballegro-5.0.10-monolith-mt.a" />
				</Linker>
			</Target>
		</Build>
		<Compiler>
			<Add option="-Wall" />
			<Add directory="allegro-5.0.10/include" />
		</Compiler>
		<Unit filename="botao.c">
			<Option compilerVar="CC" />
		</Unit>
		<Unit filename="botao.h" />
		<Unit filename="caixa_colisao.c">
			<Option compilerVar="CC" />
		</Unit>
		<Unit filename="caixa_colisao.h" />
		<Unit filename="inimigo.c">
			<Option compilerVar="CC" />
		</Unit>
		<Unit filename="inimigo.h" />
		<Unit filename="item.c">
			<Option compilerVar="CC" />
		</Unit>
		<Unit filename="item.h" />
		<Unit filename="jogador.c">
			<Option compilerVar="CC" />
		</Unit>
		<Unit filename="jogador.h" />
		<Unit filename="jogo.c">
			<Option compilerVar="CC" />
		</Unit>
		<Unit filename="jogo.h" />
		<Unit filename="main.c">
			<Option compilerVar="CC" />
		</Unit>
		<Unit filename="objeto.c">
			<Option compilerVar="CC" />
		</Unit>
		<Unit filename="objeto.h" />
		<Unit filename="teclado.c">
			<Option compilerVar="CC" />
		</Unit>
		<Unit filename="teclado.h" />
		<Extensions />
	</Project>
</CodeBlocks_project_file>
